// !$*UTF8*$!
{
	archiveVersion = 1;
	classes = {
	};
	objectVersion = 56;
	objects = {

/* Begin PBXBuildFile section */
		DE7883EC2A1673420021EAC1 /* AppDelegate.swift in Sources */ = {isa = PBXBuildFile; fileRef = DE7883EB2A1673420021EAC1 /* AppDelegate.swift */; };
		DE7883EE2A1673420021EAC1 /* SceneDelegate.swift in Sources */ = {isa = PBXBuildFile; fileRef = DE7883ED2A1673420021EAC1 /* SceneDelegate.swift */; };
		DE7883F02A1673420021EAC1 /* ViewController.swift in Sources */ = {isa = PBXBuildFile; fileRef = DE7883EF2A1673420021EAC1 /* ViewController.swift */; };
		DE7883F32A1673420021EAC1 /* Main.storyboard in Resources */ = {isa = PBXBuildFile; fileRef = DE7883F12A1673420021EAC1 /* Main.storyboard */; };
		DE7883F52A1673440021EAC1 /* Assets.xcassets in Resources */ = {isa = PBXBuildFile; fileRef = DE7883F42A1673440021EAC1 /* Assets.xcassets */; };
		DE7883F82A1673440021EAC1 /* LaunchScreen.storyboard in Resources */ = {isa = PBXBuildFile; fileRef = DE7883F62A1673440021EAC1 /* LaunchScreen.storyboard */; };
		DE7884032A1673440021EAC1 /* assignment_1Tests.swift in Sources */ = {isa = PBXBuildFile; fileRef = DE7884022A1673440021EAC1 /* assignment_1Tests.swift */; };
		DE78840D2A1673440021EAC1 /* assignment_1UITests.swift in Sources */ = {isa = PBXBuildFile; fileRef = DE78840C2A1673440021EAC1 /* assignment_1UITests.swift */; };
		DE78840F2A1673450021EAC1 /* assignment_1UITestsLaunchTests.swift in Sources */ = {isa = PBXBuildFile; fileRef = DE78840E2A1673450021EAC1 /* assignment_1UITestsLaunchTests.swift */; };
/* End PBXBuildFile section */

/* Begin PBXContainerItemProxy section */
		DE7883FF2A1673440021EAC1 /* PBXContainerItemProxy */ = {
			isa = PBXContainerItemProxy;
			containerPortal = DE7883E02A1673420021EAC1 /* Project object */;
			proxyType = 1;
			remoteGlobalIDString = DE7883E72A1673420021EAC1;
			remoteInfo = "assignment 1";
		};
		DE7884092A1673440021EAC1 /* PBXContainerItemProxy */ = {
			isa = PBXContainerItemProxy;
			containerPortal = DE7883E02A1673420021EAC1 /* Project object */;
			proxyType = 1;
			remoteGlobalIDString = DE7883E72A1673420021EAC1;
			remoteInfo = "assignment 1";
		};
/* End PBXContainerItemProxy section */

/* Begin PBXFileReference section */
		DE7883E82A1673420021EAC1 /* assignment 1.app */ = {isa = PBXFileReference; explicitFileType = wrapper.application; includeInIndex = 0; path = "assignment 1.app"; sourceTree = BUILT_PRODUCTS_DIR; };
		DE7883EB2A1673420021EAC1 /* AppDelegate.swift */ = {isa = PBXFileReference; lastKnownFileType = sourcecode.swift; path = AppDelegate.swift; sourceTree = "<group>"; };
		DE7883ED2A1673420021EAC1 /* SceneDelegate.swift */ = {isa = PBXFileReference; lastKnownFileType = sourcecode.swift; path = SceneDelegate.swift; sourceTree = "<group>"; };
		DE7883EF2A1673420021EAC1 /* ViewController.swift */ = {isa = PBXFileReference; lastKnownFileType = sourcecode.swift; path = ViewController.swift; sourceTree = "<group>"; };
		DE7883F22A1673420021EAC1 /* Base */ = {isa = PBXFileReference; lastKnownFileType = file.storyboard; name = Base; path = Base.lproj/Main.storyboard; sourceTree = "<group>"; };
		DE7883F42A1673440021EAC1 /* Assets.xcassets */ = {isa = PBXFileReference; lastKnownFileType = folder.assetcatalog; path = Assets.xcassets; sourceTree = "<group>"; };
		DE7883F72A1673440021EAC1 /* Base */ = {isa = PBXFileReference; lastKnownFileType = file.storyboard; name = Base; path = Base.lproj/LaunchScreen.storyboard; sourceTree = "<group>"; };
		DE7883F92A1673440021EAC1 /* Info.plist */ = {isa = PBXFileReference; lastKnownFileType = text.plist.xml; path = Info.plist; sourceTree = "<group>"; };
		DE7883FE2A1673440021EAC1 /* assignment 1Tests.xctest */ = {isa = PBXFileReference; explicitFileType = wrapper.cfbundle; includeInIndex = 0; path = "assignment 1Tests.xctest"; sourceTree = BUILT_PRODUCTS_DIR; };
		DE7884022A1673440021EAC1 /* assignment_1Tests.swift */ = {isa = PBXFileReference; lastKnownFileType = sourcecode.swift; path = assignment_1Tests.swift; sourceTree = "<group>"; };
		DE7884082A1673440021EAC1 /* assignment 1UITests.xctest */ = {isa = PBXFileReference; explicitFileType = wrapper.cfbundle; includeInIndex = 0; path = "assignment 1UITests.xctest"; sourceTree = BUILT_PRODUCTS_DIR; };
		DE78840C2A1673440021EAC1 /* assignment_1UITests.swift */ = {isa = PBXFileReference; lastKnownFileType = sourcecode.swift; path = assignment_1UITests.swift; sourceTree = "<group>"; };
		DE78840E2A1673450021EAC1 /* assignment_1UITestsLaunchTests.swift */ = {isa = PBXFileReference; lastKnownFileType = sourcecode.swift; path = assignment_1UITestsLaunchTests.swift; sourceTree = "<group>"; };
/* End PBXFileReference section */

/* Begin PBXFrameworksBuildPhase section */
		DE7883E52A1673420021EAC1 /* Frameworks */ = {
			isa = PBXFrameworksBuildPhase;
			buildActionMask = 2147483647;
			files = (
			);
			runOnlyForDeploymentPostprocessing = 0;
		};
		DE7883FB2A1673440021EAC1 /* Frameworks */ = {
			isa = PBXFrameworksBuildPhase;
			buildActionMask = 2147483647;
			files = (
			);
			runOnlyForDeploymentPostprocessing = 0;
		};
		DE7884052A1673440021EAC1 /* Frameworks */ = {
			isa = PBXFrameworksBuildPhase;
			buildActionMask = 2147483647;
			files = (
			);
			runOnlyForDeploymentPostprocessing = 0;
		};
/* End PBXFrameworksBuildPhase section */

/* Begin PBXGroup section */
		DE7883DF2A1673420021EAC1 = {
			isa = PBXGroup;
			children = (
				DE7883EA2A1673420021EAC1 /* assignment 1 */,
				DE7884012A1673440021EAC1 /* assignment 1Tests */,
				DE78840B2A1673440021EAC1 /* assignment 1UITests */,
				DE7883E92A1673420021EAC1 /* Products */,
			);
			sourceTree = "<group>";
		};
		DE7883E92A1673420021EAC1 /* Products */ = {
			isa = PBXGroup;
			children = (
				DE7883E82A1673420021EAC1 /* assignment 1.app */,
				DE7883FE2A1673440021EAC1 /* assignment 1Tests.xctest */,
				DE7884082A1673440021EAC1 /* assignment 1UITests.xctest */,
			);
			name = Products;
			sourceTree = "<group>";
		};
		DE7883EA2A1673420021EAC1 /* assignment 1 */ = {
			isa = PBXGroup;
			children = (
				DE7883EB2A1673420021EAC1 /* AppDelegate.swift */,
				DE7883ED2A1673420021EAC1 /* SceneDelegate.swift */,
				DE7883EF2A1673420021EAC1 /* ViewController.swift */,
				DE7883F12A1673420021EAC1 /* Main.storyboard */,
				DE7883F42A1673440021EAC1 /* Assets.xcassets */,
				DE7883F62A1673440021EAC1 /* LaunchScreen.storyboard */,
				DE7883F92A1673440021EAC1 /* Info.plist */,
			);
			path = "assignment 1";
			sourceTree = "<group>";
		};
		DE7884012A1673440021EAC1 /* assignment 1Tests */ = {
			isa = PBXGroup;
			children = (
				DE7884022A1673440021EAC1 /* assignment_1Tests.swift */,
			);
			path = "assignment 1Tests";
			sourceTree = "<group>";
		};
		DE78840B2A1673440021EAC1 /* assignment 1UITests */ = {
			isa = PBXGroup;
			children = (
				DE78840C2A1673440021EAC1 /* assignment_1UITests.swift */,
				DE78840E2A1673450021EAC1 /* assignment_1UITestsLaunchTests.swift */,
			);
			path = "assignment 1UITests";
			sourceTree = "<group>";
		};
/* End PBXGroup section */

/* Begin PBXNativeTarget section */
		DE7883E72A1673420021EAC1 /* assignment 1 */ = {
			isa = PBXNativeTarget;
			buildConfigurationList = DE7884122A1673450021EAC1 /* Build configuration list for PBXNativeTarget "assignment 1" */;
			buildPhases = (
				DE7883E42A1673420021EAC1 /* Sources */,
				DE7883E52A1673420021EAC1 /* Frameworks */,
				DE7883E62A1673420021EAC1 /* Resources */,
			);
			buildRules = (
			);
			dependencies = (
			);
			name = "assignment 1";
			productName = "assignment 1";
			productReference = DE7883E82A1673420021EAC1 /* assignment 1.app */;
			productType = "com.apple.product-type.application";
		};
		DE7883FD2A1673440021EAC1 /* assignment 1Tests */ = {
			isa = PBXNativeTarget;
			buildConfigurationList = DE7884152A1673450021EAC1 /* Build configuration list for PBXNativeTarget "assignment 1Tests" */;
			buildPhases = (
				DE7883FA2A1673440021EAC1 /* Sources */,
				DE7883FB2A1673440021EAC1 /* Frameworks */,
				DE7883FC2A1673440021EAC1 /* Resources */,
			);
			buildRules = (
			);
			dependencies = (
				DE7884002A1673440021EAC1 /* PBXTargetDependency */,
			);
			name = "assignment 1Tests";
			productName = "assignment 1Tests";
			productReference = DE7883FE2A1673440021EAC1 /* assignment 1Tests.xctest */;
			productType = "com.apple.product-type.bundle.unit-test";
		};
		DE7884072A1673440021EAC1 /* assignment 1UITests */ = {
			isa = PBXNativeTarget;
			buildConfigurationList = DE7884182A1673450021EAC1 /* Build configuration list for PBXNativeTarget "assignment 1UITests" */;
			buildPhases = (
				DE7884042A1673440021EAC1 /* Sources */,
				DE7884052A1673440021EAC1 /* Frameworks */,
				DE7884062A1673440021EAC1 /* Resources */,
			);
			buildRules = (
			);
			dependencies = (
				DE78840A2A1673440021EAC1 /* PBXTargetDependency */,
			);
			name = "assignment 1UITests";
			productName = "assignment 1UITests";
			productReference = DE7884082A1673440021EAC1 /* assignment 1UITests.xctest */;
			productType = "com.apple.product-type.bundle.ui-testing";
		};
/* End PBXNativeTarget section */

/* Begin PBXProject section */
		DE7883E02A1673420021EAC1 /* Project object */ = {
			isa = PBXProject;
			attributes = {
				BuildIndependentTargetsInParallel = 1;
				LastSwiftUpdateCheck = 1430;
				LastUpgradeCheck = 1430;
				TargetAttributes = {
					DE7883E72A1673420021EAC1 = {
						CreatedOnToolsVersion = 14.3;
					};
					DE7883FD2A1673440021EAC1 = {
						CreatedOnToolsVersion = 14.3;
						TestTargetID = DE7883E72A1673420021EAC1;
					};
					DE7884072A1673440021EAC1 = {
						CreatedOnToolsVersion = 14.3;
						TestTargetID = DE7883E72A1673420021EAC1;
					};
				};
			};
			buildConfigurationList = DE7883E32A1673420021EAC1 /* Build configuration list for PBXProject "assignment 1" */;
			compatibilityVersion = "Xcode 14.0";
			developmentRegion = en;
			hasScannedForEncodings = 0;
			knownRegions = (
				en,
				Base,
			);
			mainGroup = DE7883DF2A1673420021EAC1;
			productRefGroup = DE7883E92A1673420021EAC1 /* Products */;
			projectDirPath = "";
			projectRoot = "";
			targets = (
				DE7883E72A1673420021EAC1 /* assignment 1 */,
				DE7883FD2A1673440021EAC1 /* assignment 1Tests */,
				DE7884072A1673440021EAC1 /* assignment 1UITests */,
			);
		};
/* End PBXProject section */

/* Begin PBXResourcesBuildPhase section */
		DE7883E62A1673420021EAC1 /* Resources */ = {
			isa = PBXResourcesBuildPhase;
			buildActionMask = 2147483647;
			files = (
				DE7883F82A1673440021EAC1 /* LaunchScreen.storyboard in Resources */,
				DE7883F52A1673440021EAC1 /* Assets.xcassets in Resources */,
				DE7883F32A1673420021EAC1 /* Main.storyboard in Resources */,
			);
			runOnlyForDeploymentPostprocessing = 0;
		};
		DE7883FC2A1673440021EAC1 /* Resources */ = {
			isa = PBXResourcesBuildPhase;
			buildActionMask = 2147483647;
			files = (
			);
			runOnlyForDeploymentPostprocessing = 0;
		};
		DE7884062A1673440021EAC1 /* Resources */ = {
			isa = PBXResourcesBuildPhase;
			buildActionMask = 2147483647;
			files = (
			);
			runOnlyForDeploymentPostprocessing = 0;
		};
/* End PBXResourcesBuildPhase section */

/* Begin PBXSourcesBuildPhase section */
		DE7883E42A1673420021EAC1 /* Sources */ = {
			isa = PBXSourcesBuildPhase;
			buildActionMask = 2147483647;
			files = (
				DE7883F02A1673420021EAC1 /* ViewController.swift in Sources */,
				DE7883EC2A1673420021EAC1 /* AppDelegate.swift in Sources */,
				DE7883EE2A1673420021EAC1 /* SceneDelegate.swift in Sources */,
			);
			runOnlyForDeploymentPostprocessing = 0;
		};
		DE7883FA2A1673440021EAC1 /* Sources */ = {
			isa = PBXSourcesBuildPhase;
			buildActionMask = 2147483647;
			files = (
				DE7884032A1673440021EAC1 /* assignment_1Tests.swift in Sources */,
			);
			runOnlyForDeploymentPostprocessing = 0;
		};
		DE7884042A1673440021EAC1 /* Sources */ = {
			isa = PBXSourcesBuildPhase;
			buildActionMask = 2147483647;
			files = (
				DE78840D2A1673440021EAC1 /* assignment_1UITests.swift in Sources */,
				DE78840F2A1673450021EAC1 /* assignment_1UITestsLaunchTests.swift in Sources */,
			);
			runOnlyForDeploymentPostprocessing = 0;
		};
/* End PBXSourcesBuildPhase section */

/* Begin PBXTargetDependency section */
		DE7884002A1673440021EAC1 /* PBXTargetDependency */ = {
			isa = PBXTargetDependency;
			target = DE7883E72A1673420021EAC1 /* assignment 1 */;
			targetProxy = DE7883FF2A1673440021EAC1 /* PBXContainerItemProxy */;
		};
		DE78840A2A1673440021EAC1 /* PBXTargetDependency */ = {
			isa = PBXTargetDependency;
			target = DE7883E72A1673420021EAC1 /* assignment 1 */;
			targetProxy = DE7884092A1673440021EAC1 /* PBXContainerItemProxy */;
		};
/* End PBXTargetDependency section */

/* Begin PBXVariantGroup section */
		DE7883F12A1673420021EAC1 /* Main.storyboard */ = {
			isa = PBXVariantGroup;
			children = (
				DE7883F22A1673420021EAC1 /* Base */,
			);
			name = Main.storyboard;
			sourceTree = "<group>";
		};
		DE7883F62A1673440021EAC1 /* LaunchScreen.storyboard */ = {
			isa = PBXVariantGroup;
			children = (
				DE7883F72A1673440021EAC1 /* Base */,
			);
			name = LaunchScreen.storyboard;
			sourceTree = "<group>";
		};
/* End PBXVariantGroup section */

/* Begin XCBuildConfiguration section */
		DE7884102A1673450021EAC1 /* Debug */ = {
			isa = XCBuildConfiguration;
			buildSettings = {
				ALWAYS_SEARCH_USER_PATHS = NO;
				CLANG_ANALYZER_NONNULL = YES;
				CLANG_ANALYZER_NUMBER_OBJECT_CONVERSION = YES_AGGRESSIVE;
				CLANG_CXX_LANGUAGE_STANDARD = "gnu++20";
				CLANG_ENABLE_MODULES = YES;
				CLANG_ENABLE_OBJC_ARC = YES;
				CLANG_ENABLE_OBJC_WEAK = YES;
				CLANG_WARN_BLOCK_CAPTURE_AUTORELEASING = YES;
				CLANG_WARN_BOOL_CONVERSION = YES;
				CLANG_WARN_COMMA = YES;
				CLANG_WARN_CONSTANT_CONVERSION = YES;
				CLANG_WARN_DEPRECATED_OBJC_IMPLEMENTATIONS = YES;
				CLANG_WARN_DIRECT_OBJC_ISA_USAGE = YES_ERROR;
				CLANG_WARN_DOCUMENTATION_COMMENTS = YES;
				CLANG_WARN_EMPTY_BODY = YES;
				CLANG_WARN_ENUM_CONVERSION = YES;
				CLANG_WARN_INFINITE_RECURSION = YES;
				CLANG_WARN_INT_CONVERSION = YES;
				CLANG_WARN_NON_LITERAL_NULL_CONVERSION = YES;
				CLANG_WARN_OBJC_IMPLICIT_RETAIN_SELF = YES;
				CLANG_WARN_OBJC_LITERAL_CONVERSION = YES;
				CLANG_WARN_OBJC_ROOT_CLASS = YES_ERROR;
				CLANG_WARN_QUOTED_INCLUDE_IN_FRAMEWORK_HEADER = YES;
				CLANG_WARN_RANGE_LOOP_ANALYSIS = YES;
				CLANG_WARN_STRICT_PROTOTYPES = YES;
				CLANG_WARN_SUSPICIOUS_MOVE = YES;
				CLANG_WARN_UNGUARDED_AVAILABILITY = YES_AGGRESSIVE;
				CLANG_WARN_UNREACHABLE_CODE = YES;
				CLANG_WARN__DUPLICATE_METHOD_MATCH = YES;
				COPY_PHASE_STRIP = NO;
				DEBUG_INFORMATION_FORMAT = dwarf;
				ENABLE_STRICT_OBJC_MSGSEND = YES;
				ENABLE_TESTABILITY = YES;
				GCC_C_LANGUAGE_STANDARD = gnu11;
				GCC_DYNAMIC_NO_PIC = NO;
				GCC_NO_COMMON_BLOCKS = YES;
				GCC_OPTIMIZATION_LEVEL = 0;
				GCC_PREPROCESSOR_DEFINITIONS = (
					"DEBUG=1",
					"$(inherited)",
				);
				GCC_WARN_64_TO_32_BIT_CONVERSION = YES;
				GCC_WARN_ABOUT_RETURN_TYPE = YES_ERROR;
				GCC_WARN_UNDECLARED_SELECTOR = YES;
				GCC_WARN_UNINITIALIZED_AUTOS = YES_AGGRESSIVE;
				GCC_WARN_UNUSED_FUNCTION = YES;
				GCC_WARN_UNUSED_VARIABLE = YES;
				IPHONEOS_DEPLOYMENT_TARGET = 16.4;
				MTL_ENABLE_DEBUG_INFO = INCLUDE_SOURCE;
				MTL_FAST_MATH = YES;
				ONLY_ACTIVE_ARCH = YES;
				SDKROOT = iphoneos;
				SWIFT_ACTIVE_COMPILATION_CONDITIONS = DEBUG;
				SWIFT_OPTIMIZATION_LEVEL = "-Onone";
			};
			name = Debug;
		};
		DE7884112A1673450021EAC1 /* Release */ = {
			isa = XCBuildConfiguration;
			buildSettings = {
				ALWAYS_SEARCH_USER_PATHS = NO;
				CLANG_ANALYZER_NONNULL = YES;
				CLANG_ANALYZER_NUMBER_OBJECT_CONVERSION = YES_AGGRESSIVE;
				CLANG_CXX_LANGUAGE_STANDARD = "gnu++20";
				CLANG_ENABLE_MODULES = YES;
				CLANG_ENABLE_OBJC_ARC = YES;
				CLANG_ENABLE_OBJC_WEAK = YES;
				CLANG_WARN_BLOCK_CAPTURE_AUTORELEASING = YES;
				CLANG_WARN_BOOL_CONVERSION = YES;
				CLANG_WARN_COMMA = YES;
				CLANG_WARN_CONSTANT_CONVERSION = YES;
				CLANG_WARN_DEPRECATED_OBJC_IMPLEMENTATIONS = YES;
				CLANG_WARN_DIRECT_OBJC_ISA_USAGE = YES_ERROR;
				CLANG_WARN_DOCUMENTATION_COMMENTS = YES;
				CLANG_WARN_EMPTY_BODY = YES;
				CLANG_WARN_ENUM_CONVERSION = YES;
				CLANG_WARN_INFINITE_RECURSION = YES;
				CLANG_WARN_INT_CONVERSION = YES;
				CLANG_WARN_NON_LITERAL_NULL_CONVERSION = YES;
				CLANG_WARN_OBJC_IMPLICIT_RETAIN_SELF = YES;
				CLANG_WARN_OBJC_LITERAL_CONVERSION = YES;
				CLANG_WARN_OBJC_ROOT_CLASS = YES_ERROR;
				CLANG_WARN_QUOTED_INCLUDE_IN_FRAMEWORK_HEADER = YES;
				CLANG_WARN_RANGE_LOOP_ANALYSIS = YES;
				CLANG_WARN_STRICT_PROTOTYPES = YES;
				CLANG_WARN_SUSPICIOUS_MOVE = YES;
				CLANG_WARN_UNGUARDED_AVAILABILITY = YES_AGGRESSIVE;
				CLANG_WARN_UNREACHABLE_CODE = YES;
				CLANG_WARN__DUPLICATE_METHOD_MATCH = YES;
				COPY_PHASE_STRIP = NO;
				DEBUG_INFORMATION_FORMAT = "dwarf-with-dsym";
				ENABLE_NS_ASSERTIONS = NO;
				ENABLE_STRICT_OBJC_MSGSEND = YES;
				GCC_C_LANGUAGE_STANDARD = gnu11;
				GCC_NO_COMMON_BLOCKS = YES;
				GCC_WARN_64_TO_32_BIT_CONVERSION = YES;
				GCC_WARN_ABOUT_RETURN_TYPE = YES_ERROR;
				GCC_WARN_UNDECLARED_SELECTOR = YES;
				GCC_WARN_UNINITIALIZED_AUTOS = YES_AGGRESSIVE;
				GCC_WARN_UNUSED_FUNCTION = YES;
				GCC_WARN_UNUSED_VARIABLE = YES;
				IPHONEOS_DEPLOYMENT_TARGET = 16.4;
				MTL_ENABLE_DEBUG_INFO = NO;
				MTL_FAST_MATH = YES;
				SDKROOT = iphoneos;
				SWIFT_COMPILATION_MODE = wholemodule;
				SWIFT_OPTIMIZATION_LEVEL = "-O";
				VALIDATE_PRODUCT = YES;
			};
			name = Release;
		};
		DE7884132A1673450021EAC1 /* Debug */ = {
			isa = XCBuildConfiguration;
			buildSettings = {
				ASSETCATALOG_COMPILER_APPICON_NAME = AppIcon;
				ASSETCATALOG_COMPILER_GLOBAL_ACCENT_COLOR_NAME = AccentColor;
				CODE_SIGN_STYLE = Automatic;
				CURRENT_PROJECT_VERSION = 1;
				GENERATE_INFOPLIST_FILE = YES;
				INFOPLIST_FILE = "assignment 1/Info.plist";
				INFOPLIST_KEY_UIApplicationSupportsIndirectInputEvents = YES;
				INFOPLIST_KEY_UILaunchStoryboardName = LaunchScreen;
				INFOPLIST_KEY_UIMainStoryboardFile = Main;
				INFOPLIST_KEY_UISupportedInterfaceOrientations_iPad = "UIInterfaceOrientationPortrait UIInterfaceOrientationPortraitUpsideDown UIInterfaceOrientationLandscapeLeft UIInterfaceOrientationLandscapeRight";
				INFOPLIST_KEY_UISupportedInterfaceOrientations_iPhone = "UIInterfaceOrientationPortrait UIInterfaceOrientationLandscapeLeft UIInterfaceOrientationLandscapeRight";
				LD_RUNPATH_SEARCH_PATHS = (
					"$(inherited)",
					"@executable_path/Frameworks",
				);
				MARKETING_VERSION = 1.0;
				PRODUCT_BUNDLE_IDENTIFIER = "edu.auburn.onlinecsse.assignment-1";
				PRODUCT_NAME = "$(TARGET_NAME)";
				SWIFT_EMIT_LOC_STRINGS = YES;
				SWIFT_VERSION = 5.0;
				TARGETED_DEVICE_FAMILY = "1,2";
			};
			name = Debug;
		};
		DE7884142A1673450021EAC1 /* Release */ = {
			isa = XCBuildConfiguration;
			buildSettings = {
				ASSETCATALOG_COMPILER_APPICON_NAME = AppIcon;
				ASSETCATALOG_COMPILER_GLOBAL_ACCENT_COLOR_NAME = AccentColor;
				CODE_SIGN_STYLE = Automatic;
				CURRENT_PROJECT_VERSION = 1;
				GENERATE_INFOPLIST_FILE = YES;
				INFOPLIST_FILE = "assignment 1/Info.plist";
				INFOPLIST_KEY_UIApplicationSupportsIndirectInputEvents = YES;
				INFOPLIST_KEY_UILaunchStoryboardName = LaunchScreen;
				INFOPLIST_KEY_UIMainStoryboardFile = Main;
				INFOPLIST_KEY_UISupportedInterfaceOrientations_iPad = "UIInterfaceOrientationPortrait UIInterfaceOrientationPortraitUpsideDown UIInterfaceOrientationLandscapeLeft UIInterfaceOrientationLandscapeRight";
				INFOPLIST_KEY_UISupportedInterfaceOrientations_iPhone = "UIInterfaceOrientationPortrait UIInterfaceOrientationLandscapeLeft UIInterfaceOrientationLandscapeRight";
				LD_RUNPATH_SEARCH_PATHS = (
					"$(inherited)",
					"@executable_path/Frameworks",
				);
				MARKETING_VERSION = 1.0;
				PRODUCT_BUNDLE_IDENTIFIER = "edu.auburn.onlinecsse.assignment-1";
				PRODUCT_NAME = "$(TARGET_NAME)";
				SWIFT_EMIT_LOC_STRINGS = YES;
				SWIFT_VERSION = 5.0;
				TARGETED_DEVICE_FAMILY = "1,2";
			};
			name = Release;
		};
		DE7884162A1673450021EAC1 /* Debug */ = {
			isa = XCBuildConfiguration;
			buildSettings = {
				ALWAYS_EMBED_SWIFT_STANDARD_LIBRARIES = YES;
				BUNDLE_LOADER = "$(TEST_HOST)";
				CODE_SIGN_STYLE = Automatic;
				CURRENT_PROJECT_VERSION = 1;
				GENERATE_INFOPLIST_FILE = YES;
				IPHONEOS_DEPLOYMENT_TARGET = 16.4;
				MARKETING_VERSION = 1.0;
				PRODUCT_BUNDLE_IDENTIFIER = "edu.auburn.onlinecsse.assignment-1Tests";
				PRODUCT_NAME = "$(TARGET_NAME)";
				SWIFT_EMIT_LOC_STRINGS = NO;
				SWIFT_VERSION = 5.0;
				TARGETED_DEVICE_FAMILY = "1,2";
				TEST_HOST = "$(BUILT_PRODUCTS_DIR)/assignment 1.app/$(BUNDLE_EXECUTABLE_FOLDER_PATH)/assignment 1";
			};
			name = Debug;
		};
		DE7884172A1673450021EAC1 /* Release */ = {
			isa = XCBuildConfiguration;
			buildSettings = {
				ALWAYS_EMBED_SWIFT_STANDARD_LIBRARIES = YES;
				BUNDLE_LOADER = "$(TEST_HOST)";
				CODE_SIGN_STYLE = Automatic;
				CURRENT_PROJECT_VERSION = 1;
				GENERATE_INFOPLIST_FILE = YES;
				IPHONEOS_DEPLOYMENT_TARGET = 16.4;
				MARKETING_VERSION = 1.0;
				PRODUCT_BUNDLE_IDENTIFIER = "edu.auburn.onlinecsse.assignment-1Tests";
				PRODUCT_NAME = "$(TARGET_NAME)";
				SWIFT_EMIT_LOC_STRINGS = NO;
				SWIFT_VERSION = 5.0;
				TARGETED_DEVICE_FAMILY = "1,2";
				TEST_HOST = "$(BUILT_PRODUCTS_DIR)/assignment 1.app/$(BUNDLE_EXECUTABLE_FOLDER_PATH)/assignment 1";
			};
			name = Release;
		};
		DE7884192A1673450021EAC1 /* Debug */ = {
			isa = XCBuildConfiguration;
			buildSettings = {
				ALWAYS_EMBED_SWIFT_STANDARD_LIBRARIES = YES;
				CODE_SIGN_STYLE = Automatic;
				CURRENT_PROJECT_VERSION = 1;
				GENERATE_INFOPLIST_FILE = YES;
				MARKETING_VERSION = 1.0;
				PRODUCT_BUNDLE_IDENTIFIER = "edu.auburn.onlinecsse.assignment-1UITests";
				PRODUCT_NAME = "$(TARGET_NAME)";
				SWIFT_EMIT_LOC_STRINGS = NO;
				SWIFT_VERSION = 5.0;
				TARGETED_DEVICE_FAMILY = "1,2";
				TEST_TARGET_NAME = "assignment 1";
			};
			name = Debug;
		};
		DE78841A2A1673450021EAC1 /* Release */ = {
			isa = XCBuildConfiguration;
			buildSettings = {
				ALWAYS_EMBED_SWIFT_STANDARD_LIBRARIES = YES;
				CODE_SIGN_STYLE = Automatic;
				CURRENT_PROJECT_VERSION = 1;
				GENERATE_INFOPLIST_FILE = YES;
				MARKETING_VERSION = 1.0;
				PRODUCT_BUNDLE_IDENTIFIER = "edu.auburn.onlinecsse.assignment-1UITests";
				PRODUCT_NAME = "$(TARGET_NAME)";
				SWIFT_EMIT_LOC_STRINGS = NO;
				SWIFT_VERSION = 5.0;
				TARGETED_DEVICE_FAMILY = "1,2";
				TEST_TARGET_NAME = "assignment 1";
			};
			name = Release;
		};
/* End XCBuildConfiguration section */

/* Begin XCConfigurationList section */
		DE7883E32A1673420021EAC1 /* Build configuration list for PBXProject "assignment 1" */ = {
			isa = XCConfigurationList;
			buildConfigurations = (
				DE7884102A1673450021EAC1 /* Debug */,
				DE7884112A1673450021EAC1 /* Release */,
			);
			defaultConfigurationIsVisible = 0;
			defaultConfigurationName = Release;
		};
		DE7884122A1673450021EAC1 /* Build configuration list for PBXNativeTarget "assignment 1" */ = {
			isa = XCConfigurationList;
			buildConfigurations = (
				DE7884132A1673450021EAC1 /* Debug */,
				DE7884142A1673450021EAC1 /* Release */,
			);
			defaultConfigurationIsVisible = 0;
			defaultConfigurationName = Release;
		};
		DE7884152A1673450021EAC1 /* Build configuration list for PBXNativeTarget "assignment 1Tests" */ = {
			isa = XCConfigurationList;
			buildConfigurations = (
				DE7884162A1673450021EAC1 /* Debug */,
				DE7884172A1673450021EAC1 /* Release */,
			);
			defaultConfigurationIsVisible = 0;
			defaultConfigurationName = Release;
		};
		DE7884182A1673450021EAC1 /* Build configuration list for PBXNativeTarget "assignment 1UITests" */ = {
			isa = XCConfigurationList;
			buildConfigurations = (
				DE7884192A1673450021EAC1 /* Debug */,
				DE78841A2A1673450021EAC1 /* Release */,
			);
			defaultConfigurationIsVisible = 0;
			defaultConfigurationName = Release;
		};
/* End XCConfigurationList section */
	};
	rootObject = DE7883E02A1673420021EAC1 /* Project object */;
}
